
Microsoft Visual Studio Solution File, Format Version 12.00
# Visual Studio 2013
VisualStudioVersion = 12.0.21005.1
MinimumVisualStudioVersion = 10.0.40219.1
Project("{FAE04EC0-301F-11D3-BF4B-00C04F79EFBC}") = "FormEsgi", "FormEsgi\FormEsgi.csproj", "{19A9C9F7-61D1-459B-8964-879EDB3EBDD3}"
EndProject
Project("{FAE04EC0-301F-11D3-BF4B-00C04F79EFBC}") = "FormEsgi.Tests", "FormEsgi.Tests\FormEsgi.Tests.csproj", "{188C4CB5-C59F-4288-A93D-9D68AE2431DF}"
EndProject
Global
	GlobalSection(SolutionConfigurationPlatforms) = preSolution
		Debug|Any CPU = Debug|Any CPU
		Release|Any CPU = Release|Any CPU
	EndGlobalSection
	GlobalSection(ProjectConfigurationPlatforms) = postSolution
		{19A9C9F7-61D1-459B-8964-879EDB3EBDD3}.Debug|Any CPU.ActiveCfg = Debug|Any CPU
		{19A9C9F7-61D1-459B-8964-879EDB3EBDD3}.Debug|Any CPU.Build.0 = Debug|Any CPU
		{19A9C9F7-61D1-459B-8964-879EDB3EBDD3}.Release|Any CPU.ActiveCfg = Release|Any CPU
		{19A9C9F7-61D1-459B-8964-879EDB3EBDD3}.Release|Any CPU.Build.0 = Release|Any CPU
		{188C4CB5-C59F-4288-A93D-9D68AE2431DF}.Debug|Any CPU.ActiveCfg = Debug|Any CPU
		{188C4CB5-C59F-4288-A93D-9D68AE2431DF}.Debug|Any CPU.Build.0 = Debug|Any CPU
		{188C4CB5-C59F-4288-A93D-9D68AE2431DF}.Release|Any CPU.ActiveCfg = Release|Any CPU
		{188C4CB5-C59F-4288-A93D-9D68AE2431DF}.Release|Any CPU.Build.0 = Release|Any CPU
	EndGlobalSection
	GlobalSection(SolutionProperties) = preSolution
		HideSolutionNode = FALSE
	EndGlobalSection
EndGlobal
